
Microsoft Visual Studio Solution File, Format Version 12.00
# Visual Studio Version 16
VisualStudioVersion = 16.0.30225.117
MinimumVisualStudioVersion = 10.0.40219.1
Project("{FAE04EC0-301F-11D3-BF4B-00C04F79EFBC}") = "Registro de Datos v7.0.0", "Registro de Datos v7.0.0\Registro de Datos v7.0.0.csproj", "{BEBD6892-E8A3-4C0C-AAF7-CE8D11AA7CEA}"
EndProject
Global
	GlobalSection(SolutionConfigurationPlatforms) = preSolution
		Debug|Any CPU = Debug|Any CPU
		Release|Any CPU = Release|Any CPU
	EndGlobalSection
	GlobalSection(ProjectConfigurationPlatforms) = postSolution
		{BEBD6892-E8A3-4C0C-AAF7-CE8D11AA7CEA}.Debug|Any CPU.ActiveCfg = Debug|Any CPU
		{BEBD6892-E8A3-4C0C-AAF7-CE8D11AA7CEA}.Debug|Any CPU.Build.0 = Debug|Any CPU
		{BEBD6892-E8A3-4C0C-AAF7-CE8D11AA7CEA}.Release|Any CPU.ActiveCfg = Release|Any CPU
		{BEBD6892-E8A3-4C0C-AAF7-CE8D11AA7CEA}.Release|Any CPU.Build.0 = Release|Any CPU
	EndGlobalSection
	GlobalSection(SolutionProperties) = preSolution
		HideSolutionNode = FALSE
	EndGlobalSection
	GlobalSection(ExtensibilityGlobals) = postSolution
		SolutionGuid = {D821F06C-3C22-4824-AD17-945E0545A682}
	EndGlobalSection
EndGlobal
